Microsoft Visual Studio Solution File, Format Version 12.00
# Visual Studio Version 17
VisualStudioVersion = 17.8.34330.188
MinimumVisualStudioVersion = 10.0.40219.1
Project("{9A19103F-16F7-4668-BE54-9A1E7A4F7556}") = "AimmyLinux", "AimmyLinux.csproj", "{5297F6F7-E85A-4A92-9B31-4C3A14D8D8B4}"
EndProject
Project("{9A19103F-16F7-4668-BE54-9A1E7A4F7556}") = "Aimmy.Core", "src\Aimmy.Core\Aimmy.Core.csproj", "{F66074DB-AC2C-4352-8F0B-448519DEA5FC}"
EndProject
Project("{9A19103F-16F7-4668-BE54-9A1E7A4F7556}") = "Aimmy.Platform.Abstractions", "src\Aimmy.Platform.Abstractions\Aimmy.Platform.Abstractions.csproj", "{2BF086CE-83BD-4CB0-B0F0-7D3EBBFEA695}"
EndProject
Project("{9A19103F-16F7-4668-BE54-9A1E7A4F7556}") = "Aimmy.Platform.Linux.X11", "src\Aimmy.Platform.Linux.X11\Aimmy.Platform.Linux.X11.csproj", "{D3508D74-6AF8-4104-B588-E5EE7A1A080D}"
EndProject
Project("{9A19103F-16F7-4668-BE54-9A1E7A4F7556}") = "Aimmy.Inference.OnnxRuntime", "src\Aimmy.Inference.OnnxRuntime\Aimmy.Inference.OnnxRuntime.csproj", "{181817CF-292C-4385-A33A-2A770FC066DE}"
EndProject
Project("{9A19103F-16F7-4668-BE54-9A1E7A4F7556}") = "Aimmy.UI.Avalonia", "src\Aimmy.UI.Avalonia\Aimmy.UI.Avalonia.csproj", "{A5B0D312-4CB3-465C-B535-D6A75B8E283A}"
EndProject
Project("{9A19103F-16F7-4668-BE54-9A1E7A4F7556}") = "Aimmy.Core.Tests", "tests\Aimmy.Core.Tests\Aimmy.Core.Tests.csproj", "{C246CDCC-D16D-4ED4-912D-C6EEFA513A15}"
EndProject
Global
	GlobalSection(SolutionConfigurationPlatforms) = preSolution
		Debug|Any CPU = Debug|Any CPU
		Release|Any CPU = Release|Any CPU
	EndGlobalSection
	GlobalSection(ProjectConfigurationPlatforms) = postSolution
		{5297F6F7-E85A-4A92-9B31-4C3A14D8D8B4}.Debug|Any CPU.ActiveCfg = Debug|Any CPU
		{5297F6F7-E85A-4A92-9B31-4C3A14D8D8B4}.Debug|Any CPU.Build.0 = Debug|Any CPU
		{5297F6F7-E85A-4A92-9B31-4C3A14D8D8B4}.Release|Any CPU.ActiveCfg = Release|Any CPU
		{5297F6F7-E85A-4A92-9B31-4C3A14D8D8B4}.Release|Any CPU.Build.0 = Release|Any CPU
		{F66074DB-AC2C-4352-8F0B-448519DEA5FC}.Debug|Any CPU.ActiveCfg = Debug|Any CPU
		{F66074DB-AC2C-4352-8F0B-448519DEA5FC}.Debug|Any CPU.Build.0 = Debug|Any CPU
		{F66074DB-AC2C-4352-8F0B-448519DEA5FC}.Release|Any CPU.ActiveCfg = Release|Any CPU
		{F66074DB-AC2C-4352-8F0B-448519DEA5FC}.Release|Any CPU.Build.0 = Release|Any CPU
		{2BF086CE-83BD-4CB0-B0F0-7D3EBBFEA695}.Debug|Any CPU.ActiveCfg = Debug|Any CPU
		{2BF086CE-83BD-4CB0-B0F0-7D3EBBFEA695}.Debug|Any CPU.Build.0 = Debug|Any CPU
		{2BF086CE-83BD-4CB0-B0F0-7D3EBBFEA695}.Release|Any CPU.ActiveCfg = Release|Any CPU
		{2BF086CE-83BD-4CB0-B0F0-7D3EBBFEA695}.Release|Any CPU.Build.0 = Release|Any CPU
		{D3508D74-6AF8-4104-B588-E5EE7A1A080D}.Debug|Any CPU.ActiveCfg = Debug|Any CPU
		{D3508D74-6AF8-4104-B588-E5EE7A1A080D}.Debug|Any CPU.Build.0 = Debug|Any CPU
		{D3508D74-6AF8-4104-B588-E5EE7A1A080D}.Release|Any CPU.ActiveCfg = Release|Any CPU
		{D3508D74-6AF8-4104-B588-E5EE7A1A080D}.Release|Any CPU.Build.0 = Release|Any CPU
		{181817CF-292C-4385-A33A-2A770FC066DE}.Debug|Any CPU.ActiveCfg = Debug|Any CPU
		{181817CF-292C-4385-A33A-2A770FC066DE}.Debug|Any CPU.Build.0 = Debug|Any CPU
		{181817CF-292C-4385-A33A-2A770FC066DE}.Release|Any CPU.ActiveCfg = Release|Any CPU
		{181817CF-292C-4385-A33A-2A770FC066DE}.Release|Any CPU.Build.0 = Release|Any CPU
		{A5B0D312-4CB3-465C-B535-D6A75B8E283A}.Debug|Any CPU.ActiveCfg = Debug|Any CPU
		{A5B0D312-4CB3-465C-B535-D6A75B8E283A}.Debug|Any CPU.Build.0 = Debug|Any CPU
		{A5B0D312-4CB3-465C-B535-D6A75B8E283A}.Release|Any CPU.ActiveCfg = Release|Any CPU
		{A5B0D312-4CB3-465C-B535-D6A75B8E283A}.Release|Any CPU.Build.0 = Release|Any CPU
		{C246CDCC-D16D-4ED4-912D-C6EEFA513A15}.Debug|Any CPU.ActiveCfg = Debug|Any CPU
		{C246CDCC-D16D-4ED4-912D-C6EEFA513A15}.Debug|Any CPU.Build.0 = Debug|Any CPU
		{C246CDCC-D16D-4ED4-912D-C6EEFA513A15}.Release|Any CPU.ActiveCfg = Release|Any CPU
		{C246CDCC-D16D-4ED4-912D-C6EEFA513A15}.Release|Any CPU.Build.0 = Release|Any CPU
	EndGlobalSection
	GlobalSection(SolutionProperties) = preSolution
		HideSolutionNode = FALSE
	EndGlobalSection
EndGlobal
